lockfileVersion: '9.0'

settings:
  autoInstallPeers: true
  excludeLinksFromLockfile: false

importers:

  .:
    dependencies:
      '@distilled.cloud/core':
        specifier: 1.0.0-rc.13
        version: 1.0.0-rc.13(effect@4.0.0)
    devDependencies:
      effect:
        specifier: 4.0.0
        version: 4.0.0
      typescript:
        specifier: 5.9.3
        version: 5.9.3

packages:

  '@distilled.cloud/core@1.0.0-rc.13':
    resolution: {integrity: sha512-RYyrxW+F5zrTuu1UWV/JoycholBCIkXIusYJdDniDwCdmbjdKGl07KlkkeeY774uBawNGf+pt1ESNGeLVnNHsg==}
    peerDependencies:
      effect: ^4.0.0

  effect@4.0.0:
    resolution: {integrity: sha512-ooc1TG5t+FfzgYnFz2ff6BBKyZ7EwBRVXC7c4RhQUAD6/TZ2gTXXMeb4WX7a19ozQo4J73/QW+S00YAIresoMQ==}

  graphql@16.11.0:
    resolution: {integrity: sha512-mS1lbMsxgQj6hge1XZ6p7GPhbrtFwUFYi3wRzXAC/FmYnyXMTvvI3td3rjmQ2u8ewXueaSvRPWaEcgVVOT9Jnw==}
    engines: {node: ^12.22.0 || ^14.16.0 || ^16.0.0 || >=17.0.0}

  typescript@5.9.3:
    resolution: {integrity: sha512-jl1vZzPDinLr9eUt3J/t7V6FgNEw9QjvBPdysz9KfQDD41fQrC2Y4vKQdiaUpFT4bXlb1RHhLpp8wtm6M5TgSw==}
    engines: {node: '>=14.17'}
    hasBin: true

snapshots:

  '@distilled.cloud/core@1.0.0-rc.13(effect@4.0.0)':
    dependencies:
      effect: 4.0.0
      graphql: 16.11.0

  effect@4.0.0: {}

  graphql@16.11.0: {}

  typescript@5.9.3: {}
